
Microsoft Visual Studio Solution File, Format Version 12.00
# Visual Studio 15
VisualStudioVersion = 15.0.27703.2042
MinimumVisualStudioVersion = 10.0.40219.1
Project("{FAE04EC0-301F-11D3-BF4B-00C04F79EFBC}") = "WindowsIPFSController", "WindowsIPFSController\WindowsIPFSController.csproj", "{3C1EE89B-7E1E-449D-9280-27460D903B56}"
EndProject
Global
	GlobalSection(SolutionConfigurationPlatforms) = preSolution
		Debug|Any CPU = Debug|Any CPU
		Release|Any CPU = Release|Any CPU
	EndGlobalSection
	GlobalSection(ProjectConfigurationPlatforms) = postSolution
		{3C1EE89B-7E1E-449D-9280-27460D903B56}.Debug|Any CPU.ActiveCfg = Debug|Any CPU
		{3C1EE89B-7E1E-449D-9280-27460D903B56}.Debug|Any CPU.Build.0 = Debug|Any CPU
		{3C1EE89B-7E1E-449D-9280-27460D903B56}.Release|Any CPU.ActiveCfg = Release|Any CPU
		{3C1EE89B-7E1E-449D-9280-27460D903B56}.Release|Any CPU.Build.0 = Release|Any CPU
	EndGlobalSection
	GlobalSection(SolutionProperties) = preSolution
		HideSolutionNode = FALSE
	EndGlobalSection
	GlobalSection(ExtensibilityGlobals) = postSolution
		SolutionGuid = {C45E2203-1D27-4CB8-A957-F99C634234EF}
	EndGlobalSection
EndGlobal
